{
  "nodes": {
    "flake-utils": {
      "locked": {
        "lastModified": 1656065134,
        "narHash": "sha256-oc6E6ByIw3oJaIyc67maaFcnjYOz1mMcOtHxbEf9NwQ=",
        "owner": "numtide",
        "repo": "flake-utils",
        "rev": "bee6a7250dd1b01844a2de7e02e4df7d8a0a206c",
        "type": "github"
      },
      "original": {
        "owner": "numtide",
        "repo": "flake-utils",
        "type": "github"
      }
    },
    "flake-utils_2": {
      "locked": {
        "lastModified": 1610051610,
        "narHash": "sha256-U9rPz/usA1/Aohhk7Cmc2gBrEEKRzcW4nwPWMPwja4Y=",
        "owner": "numtide",
        "repo": "flake-utils",
        "rev": "3982c9903e93927c2164caa727cd3f6a0e6d14cc",
        "type": "github"
      },
      "original": {
        "owner": "numtide",
        "repo": "flake-utils",
        "type": "github"
      }
    },
    "ghcicabal": {
      "inputs": {
        "flake-utils": "flake-utils_2",
        "nixpkgs": [
          "nixpkgs"
        ]
      },
      "locked": {
        "lastModified": 1657614982,
        "narHash": "sha256-brRkJJiKlRsT62bU5Q2r8oAcglYj2xRhhpFkC156duQ=",
        "owner": "choener",
        "repo": "ghcicabal",
        "rev": "744133f8e11233eae26f13d05e05e8748e70c4e8",
        "type": "github"
      },
      "original": {
        "owner": "choener",
        "repo": "ghcicabal",
        "type": "github"
      }
    },
    "nixpkgs": {
      "locked": {
        "lastModified": 1656500841,
        "narHash": "sha256-13IRoh3uu29S4IfoVO6Sb0UPwzDhSqXoBKKQ4ssEzF0=",
        "owner": "NixOS",
        "repo": "nixpkgs",
        "rev": "be6da3774db3746e6ae94bf412dd3707e35b2800",
        "type": "github"
      },
      "original": {
        "owner": "NixOS",
        "ref": "nixos-22.05",
        "repo": "nixpkgs",
        "type": "github"
      }
    },
    "root": {
      "inputs": {
        "flake-utils": "flake-utils",
        "ghcicabal": "ghcicabal",
        "nixpkgs": "nixpkgs"
      }
    }
  },
  "root": "root",
  "version": 7
}
